
Microsoft Visual Studio Solution File, Format Version 12.00
# Visual Studio Version 16
VisualStudioVersion = 16.0.30011.22
MinimumVisualStudioVersion = 10.0.40219.1
Project("{FAE04EC0-301F-11D3-BF4B-00C04F79EFBC}") = "KuberDemo", "KuberDemo\KuberDemo.csproj", "{97ADF640-B495-4B12-997E-F92DD2D448FD}"
EndProject
Global
	GlobalSection(SolutionConfigurationPlatforms) = preSolution
		Debug|Any CPU = Debug|Any CPU
		Release|Any CPU = Release|Any CPU
	EndGlobalSection
	GlobalSection(ProjectConfigurationPlatforms) = postSolution
		{97ADF640-B495-4B12-997E-F92DD2D448FD}.Debug|Any CPU.ActiveCfg = Debug|Any CPU
		{97ADF640-B495-4B12-997E-F92DD2D448FD}.Debug|Any CPU.Build.0 = Debug|Any CPU
		{97ADF640-B495-4B12-997E-F92DD2D448FD}.Release|Any CPU.ActiveCfg = Release|Any CPU
		{97ADF640-B495-4B12-997E-F92DD2D448FD}.Release|Any CPU.Build.0 = Release|Any CPU
	EndGlobalSection
	GlobalSection(SolutionProperties) = preSolution
		HideSolutionNode = FALSE
	EndGlobalSection
	GlobalSection(ExtensibilityGlobals) = postSolution
		SolutionGuid = {06D2E209-BB90-448C-8ADA-2D3FCC93782D}
	EndGlobalSection
EndGlobal
